
Microsoft Visual Studio Solution File, Format Version 12.00
# Visual Studio Version 16
VisualStudioVersion = 16.0.29102.190
MinimumVisualStudioVersion = 10.0.40219.1
Project("{FAE04EC0-301F-11D3-BF4B-00C04F79EFBC}") = "WCS_phase1", "WCS_phase1\WCS_phase1.csproj", "{1D4E5334-175A-4BD7-9844-27530CDCD41B}"
	ProjectSection(ProjectDependencies) = postProject
		{3F05540D-B196-4FC8-B6BE-DF7FE9245A8D} = {3F05540D-B196-4FC8-B6BE-DF7FE9245A8D}
		{9E139539-C272-488A-BFCF-CADDF458DF9D} = {9E139539-C272-488A-BFCF-CADDF458DF9D}
		{C422AB6D-FDF4-46B2-8ED2-35C8EB6DB6D8} = {C422AB6D-FDF4-46B2-8ED2-35C8EB6DB6D8}
		{B65231A1-C544-4279-AC1A-C62194C4AD3F} = {B65231A1-C544-4279-AC1A-C62194C4AD3F}
		{1B6193D0-25F4-4405-883A-5999C0E8F42B} = {1B6193D0-25F4-4405-883A-5999C0E8F42B}
	EndProjectSection
EndProject
Project("{FAE04EC0-301F-11D3-BF4B-00C04F79EFBC}") = "MHttpServer", "HttpServer\MHttpServer.csproj", "{9E139539-C272-488A-BFCF-CADDF458DF9D}"
EndProject
Project("{FAE04EC0-301F-11D3-BF4B-00C04F79EFBC}") = "ACINET", "ACINET\ACINET.csproj", "{7E2B7915-6CB9-432D-88B0-F635E3BF354E}"
EndProject
Project("{FAE04EC0-301F-11D3-BF4B-00C04F79EFBC}") = "NdcManager", "NdcManager\NdcManager.csproj", "{D7F23C4B-2E0E-4A97-A0DA-7AF778E26A60}"
	ProjectSection(ProjectDependencies) = postProject
		{7E2B7915-6CB9-432D-88B0-F635E3BF354E} = {7E2B7915-6CB9-432D-88B0-F635E3BF354E}
		{B65231A1-C544-4279-AC1A-C62194C4AD3F} = {B65231A1-C544-4279-AC1A-C62194C4AD3F}
	EndProjectSection
EndProject
Project("{FAE04EC0-301F-11D3-BF4B-00C04F79EFBC}") = "ToolManager", "ToolManager\ToolManager.csproj", "{B65231A1-C544-4279-AC1A-C62194C4AD3F}"
EndProject
Project("{FAE04EC0-301F-11D3-BF4B-00C04F79EFBC}") = "TaskManager", "TaskManager\TaskManager.csproj", "{0F7B97C2-6B7E-46B0-8D3D-005C4971ED64}"
	ProjectSection(ProjectDependencies) = postProject
		{3F05540D-B196-4FC8-B6BE-DF7FE9245A8D} = {3F05540D-B196-4FC8-B6BE-DF7FE9245A8D}
		{D7F23C4B-2E0E-4A97-A0DA-7AF778E26A60} = {D7F23C4B-2E0E-4A97-A0DA-7AF778E26A60}
		{B65231A1-C544-4279-AC1A-C62194C4AD3F} = {B65231A1-C544-4279-AC1A-C62194C4AD3F}
		{1B6193D0-25F4-4405-883A-5999C0E8F42B} = {1B6193D0-25F4-4405-883A-5999C0E8F42B}
	EndProjectSection
EndProject
Project("{FAE04EC0-301F-11D3-BF4B-00C04F79EFBC}") = "SockManager", "SockManager\SockManager.csproj", "{3F05540D-B196-4FC8-B6BE-DF7FE9245A8D}"
	ProjectSection(ProjectDependencies) = postProject
		{B65231A1-C544-4279-AC1A-C62194C4AD3F} = {B65231A1-C544-4279-AC1A-C62194C4AD3F}
	EndProjectSection
EndProject
Project("{FAE04EC0-301F-11D3-BF4B-00C04F79EFBC}") = "WcsHttpManager", "WcsHttpManager\WcsHttpManager.csproj", "{1B6193D0-25F4-4405-883A-5999C0E8F42B}"
	ProjectSection(ProjectDependencies) = postProject
		{9E139539-C272-488A-BFCF-CADDF458DF9D} = {9E139539-C272-488A-BFCF-CADDF458DF9D}
	EndProjectSection
EndProject
Project("{FAE04EC0-301F-11D3-BF4B-00C04F79EFBC}") = "WindowManager", "WindowManager\WindowManager.csproj", "{C422AB6D-FDF4-46B2-8ED2-35C8EB6DB6D8}"
EndProject
Project("{FAE04EC0-301F-11D3-BF4B-00C04F79EFBC}") = "ModuleManager", "ModuleManager\ModuleManager.csproj", "{36A19B28-36C5-42A8-9360-A5FFF1891DC7}"
EndProject
Project("{FAE04EC0-301F-11D3-BF4B-00C04F79EFBC}") = "PubResourceManager", "PubResourceManager\PubResourceManager.csproj", "{20AFF318-2F10-47E9-A66C-AED5B9C5E5F5}"
EndProject
Global
	GlobalSection(SolutionConfigurationPlatforms) = preSolution
		Debug|Any CPU = Debug|Any CPU
		Debug|x86 = Debug|x86
		Release|Any CPU = Release|Any CPU
		Release|x86 = Release|x86
	EndGlobalSection
	GlobalSection(ProjectConfigurationPlatforms) = postSolution
		{1D4E5334-175A-4BD7-9844-27530CDCD41B}.Debug|Any CPU.ActiveCfg = Debug|Any CPU
		{1D4E5334-175A-4BD7-9844-27530CDCD41B}.Debug|Any CPU.Build.0 = Debug|Any CPU
		{1D4E5334-175A-4BD7-9844-27530CDCD41B}.Debug|x86.ActiveCfg = Debug|Any CPU
		{1D4E5334-175A-4BD7-9844-27530CDCD41B}.Debug|x86.Build.0 = Debug|Any CPU
		{1D4E5334-175A-4BD7-9844-27530CDCD41B}.Release|Any CPU.ActiveCfg = Release|Any CPU
		{1D4E5334-175A-4BD7-9844-27530CDCD41B}.Release|Any CPU.Build.0 = Release|Any CPU
		{1D4E5334-175A-4BD7-9844-27530CDCD41B}.Release|x86.ActiveCfg = Release|Any CPU
		{1D4E5334-175A-4BD7-9844-27530CDCD41B}.Release|x86.Build.0 = Release|Any CPU
		{9E139539-C272-488A-BFCF-CADDF458DF9D}.Debug|Any CPU.ActiveCfg = Debug|Any CPU
		{9E139539-C272-488A-BFCF-CADDF458DF9D}.Debug|Any CPU.Build.0 = Debug|Any CPU
		{9E139539-C272-488A-BFCF-CADDF458DF9D}.Debug|x86.ActiveCfg = Debug|x86
		{9E139539-C272-488A-BFCF-CADDF458DF9D}.Debug|x86.Build.0 = Debug|x86
		{9E139539-C272-488A-BFCF-CADDF458DF9D}.Release|Any CPU.ActiveCfg = Release|Any CPU
		{9E139539-C272-488A-BFCF-CADDF458DF9D}.Release|Any CPU.Build.0 = Release|Any CPU
		{9E139539-C272-488A-BFCF-CADDF458DF9D}.Release|x86.ActiveCfg = Release|x86
		{9E139539-C272-488A-BFCF-CADDF458DF9D}.Release|x86.Build.0 = Release|x86
		{7E2B7915-6CB9-432D-88B0-F635E3BF354E}.Debug|Any CPU.ActiveCfg = Debug|Any CPU
		{7E2B7915-6CB9-432D-88B0-F635E3BF354E}.Debug|Any CPU.Build.0 = Debug|Any CPU
		{7E2B7915-6CB9-432D-88B0-F635E3BF354E}.Debug|x86.ActiveCfg = Debug|Any CPU
		{7E2B7915-6CB9-432D-88B0-F635E3BF354E}.Debug|x86.Build.0 = Debug|Any CPU
		{7E2B7915-6CB9-432D-88B0-F635E3BF354E}.Release|Any CPU.ActiveCfg = Release|Any CPU
		{7E2B7915-6CB9-432D-88B0-F635E3BF354E}.Release|Any CPU.Build.0 = Release|Any CPU
		{7E2B7915-6CB9-432D-88B0-F635E3BF354E}.Release|x86.ActiveCfg = Release|Any CPU
		{7E2B7915-6CB9-432D-88B0-F635E3BF354E}.Release|x86.Build.0 = Release|Any CPU
		{D7F23C4B-2E0E-4A97-A0DA-7AF778E26A60}.Debug|Any CPU.ActiveCfg = Debug|Any CPU
		{D7F23C4B-2E0E-4A97-A0DA-7AF778E26A60}.Debug|Any CPU.Build.0 = Debug|Any CPU
		{D7F23C4B-2E0E-4A97-A0DA-7AF778E26A60}.Debug|x86.ActiveCfg = Debug|Any CPU
		{D7F23C4B-2E0E-4A97-A0DA-7AF778E26A60}.Debug|x86.Build.0 = Debug|Any CPU
		{D7F23C4B-2E0E-4A97-A0DA-7AF778E26A60}.Release|Any CPU.ActiveCfg = Release|Any CPU
		{D7F23C4B-2E0E-4A97-A0DA-7AF778E26A60}.Release|Any CPU.Build.0 = Release|Any CPU
		{D7F23C4B-2E0E-4A97-A0DA-7AF778E26A60}.Release|x86.ActiveCfg = Release|Any CPU
		{D7F23C4B-2E0E-4A97-A0DA-7AF778E26A60}.Release|x86.Build.0 = Release|Any CPU
		{B65231A1-C544-4279-AC1A-C62194C4AD3F}.Debug|Any CPU.ActiveCfg = Debug|Any CPU
		{B65231A1-C544-4279-AC1A-C62194C4AD3F}.Debug|Any CPU.Build.0 = Debug|Any CPU
		{B65231A1-C544-4279-AC1A-C62194C4AD3F}.Debug|x86.ActiveCfg = Debug|Any CPU
		{B65231A1-C544-4279-AC1A-C62194C4AD3F}.Debug|x86.Build.0 = Debug|Any CPU
		{B65231A1-C544-4279-AC1A-C62194C4AD3F}.Release|Any CPU.ActiveCfg = Release|Any CPU
		{B65231A1-C544-4279-AC1A-C62194C4AD3F}.Release|Any CPU.Build.0 = Release|Any CPU
		{B65231A1-C544-4279-AC1A-C62194C4AD3F}.Release|x86.ActiveCfg = Release|Any CPU
		{B65231A1-C544-4279-AC1A-C62194C4AD3F}.Release|x86.Build.0 = Release|Any CPU
		{0F7B97C2-6B7E-46B0-8D3D-005C4971ED64}.Debug|Any CPU.ActiveCfg = Debug|Any CPU
		{0F7B97C2-6B7E-46B0-8D3D-005C4971ED64}.Debug|Any CPU.Build.0 = Debug|Any CPU
		{0F7B97C2-6B7E-46B0-8D3D-005C4971ED64}.Debug|x86.ActiveCfg = Debug|Any CPU
		{0F7B97C2-6B7E-46B0-8D3D-005C4971ED64}.Debug|x86.Build.0 = Debug|Any CPU
		{0F7B97C2-6B7E-46B0-8D3D-005C4971ED64}.Release|Any CPU.ActiveCfg = Release|Any CPU
		{0F7B97C2-6B7E-46B0-8D3D-005C4971ED64}.Release|Any CPU.Build.0 = Release|Any CPU
		{0F7B97C2-6B7E-46B0-8D3D-005C4971ED64}.Release|x86.ActiveCfg = Release|Any CPU
		{0F7B97C2-6B7E-46B0-8D3D-005C4971ED64}.Release|x86.Build.0 = Release|Any CPU
		{3F05540D-B196-4FC8-B6BE-DF7FE9245A8D}.Debug|Any CPU.ActiveCfg = Debug|Any CPU
		{3F05540D-B196-4FC8-B6BE-DF7FE9245A8D}.Debug|Any CPU.Build.0 = Debug|Any CPU
		{3F05540D-B196-4FC8-B6BE-DF7FE9245A8D}.Debug|x86.ActiveCfg = Debug|Any CPU
		{3F05540D-B196-4FC8-B6BE-DF7FE9245A8D}.Debug|x86.Build.0 = Debug|Any CPU
		{3F05540D-B196-4FC8-B6BE-DF7FE9245A8D}.Release|Any CPU.ActiveCfg = Release|Any CPU
		{3F05540D-B196-4FC8-B6BE-DF7FE9245A8D}.Release|Any CPU.Build.0 = Release|Any CPU
		{3F05540D-B196-4FC8-B6BE-DF7FE9245A8D}.Release|x86.ActiveCfg = Release|Any CPU
		{3F05540D-B196-4FC8-B6BE-DF7FE9245A8D}.Release|x86.Build.0 = Release|Any CPU
		{1B6193D0-25F4-4405-883A-5999C0E8F42B}.Debug|Any CPU.ActiveCfg = Debug|Any CPU
		{1B6193D0-25F4-4405-883A-5999C0E8F42B}.Debug|Any CPU.Build.0 = Debug|Any CPU
		{1B6193D0-25F4-4405-883A-5999C0E8F42B}.Debug|x86.ActiveCfg = Debug|Any CPU
		{1B6193D0-25F4-4405-883A-5999C0E8F42B}.Debug|x86.Build.0 = Debug|Any CPU
		{1B6193D0-25F4-4405-883A-5999C0E8F42B}.Release|Any CPU.ActiveCfg = Release|Any CPU
		{1B6193D0-25F4-4405-883A-5999C0E8F42B}.Release|Any CPU.Build.0 = Release|Any CPU
		{1B6193D0-25F4-4405-883A-5999C0E8F42B}.Release|x86.ActiveCfg = Release|Any CPU
		{1B6193D0-25F4-4405-883A-5999C0E8F42B}.Release|x86.Build.0 = Release|Any CPU
		{C422AB6D-FDF4-46B2-8ED2-35C8EB6DB6D8}.Debug|Any CPU.ActiveCfg = Debug|Any CPU
		{C422AB6D-FDF4-46B2-8ED2-35C8EB6DB6D8}.Debug|Any CPU.Build.0 = Debug|Any CPU
		{C422AB6D-FDF4-46B2-8ED2-35C8EB6DB6D8}.Debug|x86.ActiveCfg = Debug|Any CPU
		{C422AB6D-FDF4-46B2-8ED2-35C8EB6DB6D8}.Debug|x86.Build.0 = Debug|Any CPU
		{C422AB6D-FDF4-46B2-8ED2-35C8EB6DB6D8}.Release|Any CPU.ActiveCfg = Release|Any CPU
		{C422AB6D-FDF4-46B2-8ED2-35C8EB6DB6D8}.Release|Any CPU.Build.0 = Release|Any CPU
		{C422AB6D-FDF4-46B2-8ED2-35C8EB6DB6D8}.Release|x86.ActiveCfg = Release|Any CPU
		{C422AB6D-FDF4-46B2-8ED2-35C8EB6DB6D8}.Release|x86.Build.0 = Release|Any CPU
		{36A19B28-36C5-42A8-9360-A5FFF1891DC7}.Debug|Any CPU.ActiveCfg = Debug|Any CPU
		{36A19B28-36C5-42A8-9360-A5FFF1891DC7}.Debug|Any CPU.Build.0 = Debug|Any CPU
		{36A19B28-36C5-42A8-9360-A5FFF1891DC7}.Debug|x86.ActiveCfg = Debug|Any CPU
		{36A19B28-36C5-42A8-9360-A5FFF1891DC7}.Debug|x86.Build.0 = Debug|Any CPU
		{36A19B28-36C5-42A8-9360-A5FFF1891DC7}.Release|Any CPU.ActiveCfg = Release|Any CPU
		{36A19B28-36C5-42A8-9360-A5FFF1891DC7}.Release|Any CPU.Build.0 = Release|Any CPU
		{36A19B28-36C5-42A8-9360-A5FFF1891DC7}.Release|x86.ActiveCfg = Release|Any CPU
		{36A19B28-36C5-42A8-9360-A5FFF1891DC7}.Release|x86.Build.0 = Release|Any CPU
		{20AFF318-2F10-47E9-A66C-AED5B9C5E5F5}.Debug|Any CPU.ActiveCfg = Debug|Any CPU
		{20AFF318-2F10-47E9-A66C-AED5B9C5E5F5}.Debug|Any CPU.Build.0 = Debug|Any CPU
		{20AFF318-2F10-47E9-A66C-AED5B9C5E5F5}.Debug|x86.ActiveCfg = Debug|Any CPU
		{20AFF318-2F10-47E9-A66C-AED5B9C5E5F5}.Debug|x86.Build.0 = Debug|Any CPU
		{20AFF318-2F10-47E9-A66C-AED5B9C5E5F5}.Release|Any CPU.ActiveCfg = Release|Any CPU
		{20AFF318-2F10-47E9-A66C-AED5B9C5E5F5}.Release|Any CPU.Build.0 = Release|Any CPU
		{20AFF318-2F10-47E9-A66C-AED5B9C5E5F5}.Release|x86.ActiveCfg = Release|Any CPU
		{20AFF318-2F10-47E9-A66C-AED5B9C5E5F5}.Release|x86.Build.0 = Release|Any CPU
	EndGlobalSection
	GlobalSection(SolutionProperties) = preSolution
		HideSolutionNode = FALSE
	EndGlobalSection
	GlobalSection(ExtensibilityGlobals) = postSolution
		SolutionGuid = {F73045F1-8464-4665-9CE3-93DEE485D00C}
	EndGlobalSection
EndGlobal
