
Microsoft Visual Studio Solution File, Format Version 12.00
# Visual Studio 15
VisualStudioVersion = 15.0.27703.2047
MinimumVisualStudioVersion = 10.0.40219.1
Project("{FAE04EC0-301F-11D3-BF4B-00C04F79EFBC}") = "WCS_phase1", "WCS_phase1\WCS_phase1.csproj", "{1D4E5334-175A-4BD7-9844-27530CDCD41B}"
	ProjectSection(ProjectDependencies) = postProject
		{9E139539-C272-488A-BFCF-CADDF458DF9D} = {9E139539-C272-488A-BFCF-CADDF458DF9D}
		{C422AB6D-FDF4-46B2-8ED2-35C8EB6DB6D8} = {C422AB6D-FDF4-46B2-8ED2-35C8EB6DB6D8}
		{B65231A1-C544-4279-AC1A-C62194C4AD3F} = {B65231A1-C544-4279-AC1A-C62194C4AD3F}
		{1B6193D0-25F4-4405-883A-5999C0E8F42B} = {1B6193D0-25F4-4405-883A-5999C0E8F42B}
	EndProjectSection
EndProject
Project("{FAE04EC0-301F-11D3-BF4B-00C04F79EFBC}") = "MHttpServer", "HttpServer\MHttpServer.csproj", "{9E139539-C272-488A-BFCF-CADDF458DF9D}"
EndProject
Project("{FAE04EC0-301F-11D3-BF4B-00C04F79EFBC}") = "ACINET", "ACINET\ACINET.csproj", "{7E2B7915-6CB9-432D-88B0-F635E3BF354E}"
EndProject
Project("{FAE04EC0-301F-11D3-BF4B-00C04F79EFBC}") = "NdcManager", "NdcManager\NdcManager.csproj", "{D7F23C4B-2E0E-4A97-A0DA-7AF778E26A60}"
	ProjectSection(ProjectDependencies) = postProject
		{7E2B7915-6CB9-432D-88B0-F635E3BF354E} = {7E2B7915-6CB9-432D-88B0-F635E3BF354E}
		{B65231A1-C544-4279-AC1A-C62194C4AD3F} = {B65231A1-C544-4279-AC1A-C62194C4AD3F}
	EndProjectSection
EndProject
Project("{FAE04EC0-301F-11D3-BF4B-00C04F79EFBC}") = "ToolManager", "ToolManager\ToolManager.csproj", "{B65231A1-C544-4279-AC1A-C62194C4AD3F}"
EndProject
Project("{FAE04EC0-301F-11D3-BF4B-00C04F79EFBC}") = "WcsHttpManager", "WcsHttpManager\WcsHttpManager.csproj", "{1B6193D0-25F4-4405-883A-5999C0E8F42B}"
	ProjectSection(ProjectDependencies) = postProject
		{9E139539-C272-488A-BFCF-CADDF458DF9D} = {9E139539-C272-488A-BFCF-CADDF458DF9D}
	EndProjectSection
EndProject
Project("{FAE04EC0-301F-11D3-BF4B-00C04F79EFBC}") = "WindowManager", "WindowManager\WindowManager.csproj", "{C422AB6D-FDF4-46B2-8ED2-35C8EB6DB6D8}"
EndProject
Project("{FAE04EC0-301F-11D3-BF4B-00C04F79EFBC}") = "PubResourceManager", "PubResourceManager\PubResourceManager.csproj", "{20AFF318-2F10-47E9-A66C-AED5B9C5E5F5}"
EndProject
Project("{FAE04EC0-301F-11D3-BF4B-00C04F79EFBC}") = "WcsManager", "WcsManager\WcsManager.csproj", "{16DF486B-DAB3-4B75-B3C1-0DC95DEF791F}"
EndProject
Project("{FAE04EC0-301F-11D3-BF4B-00C04F79EFBC}") = "SocketManager", "Socket\SocketManager.csproj", "{AA1DAE48-F73F-4E40-9993-C7D32CA683F0}"
EndProject
Project("{FAE04EC0-301F-11D3-BF4B-00C04F79EFBC}") = "Module", "Module\Module.csproj", "{2F5A910A-312B-4B22-A8F1-CBE8086B60CD}"
EndProject
Project("{FAE04EC0-301F-11D3-BF4B-00C04F79EFBC}") = "ModuleManager", "ModuleManager\ModuleManager.csproj", "{36A19B28-36C5-42A8-9360-A5FFF1891DC7}"
EndProject
Project("{54435603-DBB4-11D2-8724-00A0C9A8B90C}") = "WCS_Setup", "WCS_Setup\WCS_Setup.vdproj", "{666C4E7A-095E-41EA-8CF0-1B093E2A50D3}"
EndProject
Global
	GlobalSection(SolutionConfigurationPlatforms) = preSolution
		Debug|Any CPU = Debug|Any CPU
		Debug|x86 = Debug|x86
		Release|Any CPU = Release|Any CPU
		Release|x86 = Release|x86
	EndGlobalSection
	GlobalSection(ProjectConfigurationPlatforms) = postSolution
		{1D4E5334-175A-4BD7-9844-27530CDCD41B}.Debug|Any CPU.ActiveCfg = Debug|Any CPU
		{1D4E5334-175A-4BD7-9844-27530CDCD41B}.Debug|Any CPU.Build.0 = Debug|Any CPU
		{1D4E5334-175A-4BD7-9844-27530CDCD41B}.Debug|x86.ActiveCfg = Debug|Any CPU
		{1D4E5334-175A-4BD7-9844-27530CDCD41B}.Debug|x86.Build.0 = Debug|Any CPU
		{1D4E5334-175A-4BD7-9844-27530CDCD41B}.Release|Any CPU.ActiveCfg = Release|Any CPU
		{1D4E5334-175A-4BD7-9844-27530CDCD41B}.Release|Any CPU.Build.0 = Release|Any CPU
		{1D4E5334-175A-4BD7-9844-27530CDCD41B}.Release|x86.ActiveCfg = Release|Any CPU
		{1D4E5334-175A-4BD7-9844-27530CDCD41B}.Release|x86.Build.0 = Release|Any CPU
		{9E139539-C272-488A-BFCF-CADDF458DF9D}.Debug|Any CPU.ActiveCfg = Debug|Any CPU
		{9E139539-C272-488A-BFCF-CADDF458DF9D}.Debug|Any CPU.Build.0 = Debug|Any CPU
		{9E139539-C272-488A-BFCF-CADDF458DF9D}.Debug|x86.ActiveCfg = Debug|x86
		{9E139539-C272-488A-BFCF-CADDF458DF9D}.Debug|x86.Build.0 = Debug|x86
		{9E139539-C272-488A-BFCF-CADDF458DF9D}.Release|Any CPU.ActiveCfg = Release|Any CPU
		{9E139539-C272-488A-BFCF-CADDF458DF9D}.Release|Any CPU.Build.0 = Release|Any CPU
		{9E139539-C272-488A-BFCF-CADDF458DF9D}.Release|x86.ActiveCfg = Release|x86
		{9E139539-C272-488A-BFCF-CADDF458DF9D}.Release|x86.Build.0 = Release|x86
		{7E2B7915-6CB9-432D-88B0-F635E3BF354E}.Debug|Any CPU.ActiveCfg = Debug|Any CPU
		{7E2B7915-6CB9-432D-88B0-F635E3BF354E}.Debug|Any CPU.Build.0 = Debug|Any CPU
		{7E2B7915-6CB9-432D-88B0-F635E3BF354E}.Debug|x86.ActiveCfg = Debug|Any CPU
		{7E2B7915-6CB9-432D-88B0-F635E3BF354E}.Debug|x86.Build.0 = Debug|Any CPU
		{7E2B7915-6CB9-432D-88B0-F635E3BF354E}.Release|Any CPU.ActiveCfg = Release|Any CPU
		{7E2B7915-6CB9-432D-88B0-F635E3BF354E}.Release|Any CPU.Build.0 = Release|Any CPU
		{7E2B7915-6CB9-432D-88B0-F635E3BF354E}.Release|x86.ActiveCfg = Release|Any CPU
		{7E2B7915-6CB9-432D-88B0-F635E3BF354E}.Release|x86.Build.0 = Release|Any CPU
		{D7F23C4B-2E0E-4A97-A0DA-7AF778E26A60}.Debug|Any CPU.ActiveCfg = Debug|Any CPU
		{D7F23C4B-2E0E-4A97-A0DA-7AF778E26A60}.Debug|Any CPU.Build.0 = Debug|Any CPU
		{D7F23C4B-2E0E-4A97-A0DA-7AF778E26A60}.Debug|x86.ActiveCfg = Debug|Any CPU
		{D7F23C4B-2E0E-4A97-A0DA-7AF778E26A60}.Debug|x86.Build.0 = Debug|Any CPU
		{D7F23C4B-2E0E-4A97-A0DA-7AF778E26A60}.Release|Any CPU.ActiveCfg = Release|Any CPU
		{D7F23C4B-2E0E-4A97-A0DA-7AF778E26A60}.Release|Any CPU.Build.0 = Release|Any CPU
		{D7F23C4B-2E0E-4A97-A0DA-7AF778E26A60}.Release|x86.ActiveCfg = Release|Any CPU
		{D7F23C4B-2E0E-4A97-A0DA-7AF778E26A60}.Release|x86.Build.0 = Release|Any CPU
		{B65231A1-C544-4279-AC1A-C62194C4AD3F}.Debug|Any CPU.ActiveCfg = Debug|Any CPU
		{B65231A1-C544-4279-AC1A-C62194C4AD3F}.Debug|Any CPU.Build.0 = Debug|Any CPU
		{B65231A1-C544-4279-AC1A-C62194C4AD3F}.Debug|x86.ActiveCfg = Debug|Any CPU
		{B65231A1-C544-4279-AC1A-C62194C4AD3F}.Debug|x86.Build.0 = Debug|Any CPU
		{B65231A1-C544-4279-AC1A-C62194C4AD3F}.Release|Any CPU.ActiveCfg = Release|Any CPU
		{B65231A1-C544-4279-AC1A-C62194C4AD3F}.Release|Any CPU.Build.0 = Release|Any CPU
		{B65231A1-C544-4279-AC1A-C62194C4AD3F}.Release|x86.ActiveCfg = Release|Any CPU
		{B65231A1-C544-4279-AC1A-C62194C4AD3F}.Release|x86.Build.0 = Release|Any CPU
		{1B6193D0-25F4-4405-883A-5999C0E8F42B}.Debug|Any CPU.ActiveCfg = Debug|Any CPU
		{1B6193D0-25F4-4405-883A-5999C0E8F42B}.Debug|Any CPU.Build.0 = Debug|Any CPU
		{1B6193D0-25F4-4405-883A-5999C0E8F42B}.Debug|x86.ActiveCfg = Debug|Any CPU
		{1B6193D0-25F4-4405-883A-5999C0E8F42B}.Debug|x86.Build.0 = Debug|Any CPU
		{1B6193D0-25F4-4405-883A-5999C0E8F42B}.Release|Any CPU.ActiveCfg = Release|Any CPU
		{1B6193D0-25F4-4405-883A-5999C0E8F42B}.Release|Any CPU.Build.0 = Release|Any CPU
		{1B6193D0-25F4-4405-883A-5999C0E8F42B}.Release|x86.ActiveCfg = Release|Any CPU
		{1B6193D0-25F4-4405-883A-5999C0E8F42B}.Release|x86.Build.0 = Release|Any CPU
		{C422AB6D-FDF4-46B2-8ED2-35C8EB6DB6D8}.Debug|Any CPU.ActiveCfg = Debug|Any CPU
		{C422AB6D-FDF4-46B2-8ED2-35C8EB6DB6D8}.Debug|Any CPU.Build.0 = Debug|Any CPU
		{C422AB6D-FDF4-46B2-8ED2-35C8EB6DB6D8}.Debug|x86.ActiveCfg = Debug|Any CPU
		{C422AB6D-FDF4-46B2-8ED2-35C8EB6DB6D8}.Debug|x86.Build.0 = Debug|Any CPU
		{C422AB6D-FDF4-46B2-8ED2-35C8EB6DB6D8}.Release|Any CPU.ActiveCfg = Release|Any CPU
		{C422AB6D-FDF4-46B2-8ED2-35C8EB6DB6D8}.Release|Any CPU.Build.0 = Release|Any CPU
		{C422AB6D-FDF4-46B2-8ED2-35C8EB6DB6D8}.Release|x86.ActiveCfg = Release|Any CPU
		{C422AB6D-FDF4-46B2-8ED2-35C8EB6DB6D8}.Release|x86.Build.0 = Release|Any CPU
		{20AFF318-2F10-47E9-A66C-AED5B9C5E5F5}.Debug|Any CPU.ActiveCfg = Debug|Any CPU
		{20AFF318-2F10-47E9-A66C-AED5B9C5E5F5}.Debug|Any CPU.Build.0 = Debug|Any CPU
		{20AFF318-2F10-47E9-A66C-AED5B9C5E5F5}.Debug|x86.ActiveCfg = Debug|Any CPU
		{20AFF318-2F10-47E9-A66C-AED5B9C5E5F5}.Debug|x86.Build.0 = Debug|Any CPU
		{20AFF318-2F10-47E9-A66C-AED5B9C5E5F5}.Release|Any CPU.ActiveCfg = Release|Any CPU
		{20AFF318-2F10-47E9-A66C-AED5B9C5E5F5}.Release|Any CPU.Build.0 = Release|Any CPU
		{20AFF318-2F10-47E9-A66C-AED5B9C5E5F5}.Release|x86.ActiveCfg = Release|Any CPU
		{20AFF318-2F10-47E9-A66C-AED5B9C5E5F5}.Release|x86.Build.0 = Release|Any CPU
		{16DF486B-DAB3-4B75-B3C1-0DC95DEF791F}.Debug|Any CPU.ActiveCfg = Debug|Any CPU
		{16DF486B-DAB3-4B75-B3C1-0DC95DEF791F}.Debug|Any CPU.Build.0 = Debug|Any CPU
		{16DF486B-DAB3-4B75-B3C1-0DC95DEF791F}.Debug|x86.ActiveCfg = Debug|Any CPU
		{16DF486B-DAB3-4B75-B3C1-0DC95DEF791F}.Debug|x86.Build.0 = Debug|Any CPU
		{16DF486B-DAB3-4B75-B3C1-0DC95DEF791F}.Release|Any CPU.ActiveCfg = Release|Any CPU
		{16DF486B-DAB3-4B75-B3C1-0DC95DEF791F}.Release|Any CPU.Build.0 = Release|Any CPU
		{16DF486B-DAB3-4B75-B3C1-0DC95DEF791F}.Release|x86.ActiveCfg = Release|Any CPU
		{16DF486B-DAB3-4B75-B3C1-0DC95DEF791F}.Release|x86.Build.0 = Release|Any CPU
		{AA1DAE48-F73F-4E40-9993-C7D32CA683F0}.Debug|Any CPU.ActiveCfg = Debug|Any CPU
		{AA1DAE48-F73F-4E40-9993-C7D32CA683F0}.Debug|Any CPU.Build.0 = Debug|Any CPU
		{AA1DAE48-F73F-4E40-9993-C7D32CA683F0}.Debug|x86.ActiveCfg = Debug|Any CPU
		{AA1DAE48-F73F-4E40-9993-C7D32CA683F0}.Debug|x86.Build.0 = Debug|Any CPU
		{AA1DAE48-F73F-4E40-9993-C7D32CA683F0}.Release|Any CPU.ActiveCfg = Release|Any CPU
		{AA1DAE48-F73F-4E40-9993-C7D32CA683F0}.Release|Any CPU.Build.0 = Release|Any CPU
		{AA1DAE48-F73F-4E40-9993-C7D32CA683F0}.Release|x86.ActiveCfg = Release|Any CPU
		{AA1DAE48-F73F-4E40-9993-C7D32CA683F0}.Release|x86.Build.0 = Release|Any CPU
		{2F5A910A-312B-4B22-A8F1-CBE8086B60CD}.Debug|Any CPU.ActiveCfg = Debug|Any CPU
		{2F5A910A-312B-4B22-A8F1-CBE8086B60CD}.Debug|Any CPU.Build.0 = Debug|Any CPU
		{2F5A910A-312B-4B22-A8F1-CBE8086B60CD}.Debug|x86.ActiveCfg = Debug|Any CPU
		{2F5A910A-312B-4B22-A8F1-CBE8086B60CD}.Debug|x86.Build.0 = Debug|Any CPU
		{2F5A910A-312B-4B22-A8F1-CBE8086B60CD}.Release|Any CPU.ActiveCfg = Release|Any CPU
		{2F5A910A-312B-4B22-A8F1-CBE8086B60CD}.Release|Any CPU.Build.0 = Release|Any CPU
		{2F5A910A-312B-4B22-A8F1-CBE8086B60CD}.Release|x86.ActiveCfg = Release|Any CPU
		{2F5A910A-312B-4B22-A8F1-CBE8086B60CD}.Release|x86.Build.0 = Release|Any CPU
		{36A19B28-36C5-42A8-9360-A5FFF1891DC7}.Debug|Any CPU.ActiveCfg = Debug|Any CPU
		{36A19B28-36C5-42A8-9360-A5FFF1891DC7}.Debug|Any CPU.Build.0 = Debug|Any CPU
		{36A19B28-36C5-42A8-9360-A5FFF1891DC7}.Debug|x86.ActiveCfg = Debug|Any CPU
		{36A19B28-36C5-42A8-9360-A5FFF1891DC7}.Debug|x86.Build.0 = Debug|Any CPU
		{36A19B28-36C5-42A8-9360-A5FFF1891DC7}.Release|Any CPU.ActiveCfg = Release|Any CPU
		{36A19B28-36C5-42A8-9360-A5FFF1891DC7}.Release|Any CPU.Build.0 = Release|Any CPU
		{36A19B28-36C5-42A8-9360-A5FFF1891DC7}.Release|x86.ActiveCfg = Release|Any CPU
		{36A19B28-36C5-42A8-9360-A5FFF1891DC7}.Release|x86.Build.0 = Release|Any CPU
		{666C4E7A-095E-41EA-8CF0-1B093E2A50D3}.Debug|Any CPU.ActiveCfg = Debug
		{666C4E7A-095E-41EA-8CF0-1B093E2A50D3}.Debug|x86.ActiveCfg = Debug
		{666C4E7A-095E-41EA-8CF0-1B093E2A50D3}.Release|Any CPU.ActiveCfg = Release
		{666C4E7A-095E-41EA-8CF0-1B093E2A50D3}.Release|x86.ActiveCfg = Release
	EndGlobalSection
	GlobalSection(SolutionProperties) = preSolution
		HideSolutionNode = FALSE
	EndGlobalSection
	GlobalSection(ExtensibilityGlobals) = postSolution
		SolutionGuid = {F73045F1-8464-4665-9CE3-93DEE485D00C}
	EndGlobalSection
EndGlobal
